
Microsoft Visual Studio Solution File, Format Version 12.00
# Visual Studio Version 16
VisualStudioVersion = 16.0.28922.388
MinimumVisualStudioVersion = 10.0.40219.1
Project("{FAE04EC0-301F-11D3-BF4B-00C04F79EFBC}") = "NamedHttpClientFactory", "NamedHttpClientFactory.csproj", "{4E3D29B5-DA3E-400D-BA3E-337E2A1D2990}"
EndProject
Global
	GlobalSection(SolutionConfigurationPlatforms) = preSolution
		Debug|Any CPU = Debug|Any CPU
		Release|Any CPU = Release|Any CPU
	EndGlobalSection
	GlobalSection(ProjectConfigurationPlatforms) = postSolution
		{4E3D29B5-DA3E-400D-BA3E-337E2A1D2990}.Debug|Any CPU.ActiveCfg = Debug|Any CPU
		{4E3D29B5-DA3E-400D-BA3E-337E2A1D2990}.Debug|Any CPU.Build.0 = Debug|Any CPU
		{4E3D29B5-DA3E-400D-BA3E-337E2A1D2990}.Release|Any CPU.ActiveCfg = Release|Any CPU
		{4E3D29B5-DA3E-400D-BA3E-337E2A1D2990}.Release|Any CPU.Build.0 = Release|Any CPU
	EndGlobalSection
	GlobalSection(SolutionProperties) = preSolution
		HideSolutionNode = FALSE
	EndGlobalSection
	GlobalSection(ExtensibilityGlobals) = postSolution
		SolutionGuid = {91E10FF9-CF76-44A6-8A72-71BC1CB4AAC2}
	EndGlobalSection
EndGlobal
